// !$*UTF8*$!
{
	archiveVersion = 1;
	classes = {
	};
	objectVersion = 50;
	objects = {

/* Begin PBXBuildFile section */
		299FAEEE23767C0700E503E2 /* AppDelegate.swift in Sources */ = {isa = PBXBuildFile; fileRef = 299FAEED23767C0700E503E2 /* AppDelegate.swift */; };
		299FAEF023767C0700E503E2 /* ViewController.swift in Sources */ = {isa = PBXBuildFile; fileRef = 299FAEEF23767C0700E503E2 /* ViewController.swift */; };
		299FAEF323767C0700E503E2 /* Main.storyboard in Resources */ = {isa = PBXBuildFile; fileRef = 299FAEF123767C0700E503E2 /* Main.storyboard */; };
		299FAEF523767C0900E503E2 /* Assets.xcassets in Resources */ = {isa = PBXBuildFile; fileRef = 299FAEF423767C0900E503E2 /* Assets.xcassets */; };
		299FAEF823767C0900E503E2 /* LaunchScreen.storyboard in Resources */ = {isa = PBXBuildFile; fileRef = 299FAEF623767C0900E503E2 /* LaunchScreen.storyboard */; };
		29C2BB9223769C4E00741F2B /* Emoji.swift in Sources */ = {isa = PBXBuildFile; fileRef = 29C2BB9123769C4E00741F2B /* Emoji.swift */; };
		29C2BB9423769CB000741F2B /* User.swift in Sources */ = {isa = PBXBuildFile; fileRef = 29C2BB9323769CB000741F2B /* User.swift */; };
		29C2BB9723769F3300741F2B /* CustomBubble.swift in Sources */ = {isa = PBXBuildFile; fileRef = 29C2BB9623769F3300741F2B /* CustomBubble.swift */; };
		29C2BB9923769F4800741F2B /* CustomCollectionView.swift in Sources */ = {isa = PBXBuildFile; fileRef = 29C2BB9823769F4800741F2B /* CustomCollectionView.swift */; };
		29C2BB9F23769F5800741F2B /* CustomOutgoingTextCell.swift in Sources */ = {isa = PBXBuildFile; fileRef = 29C2BB9A23769F5700741F2B /* CustomOutgoingTextCell.swift */; };
		29C2BBA023769F5800741F2B /* CustomStyle.swift in Sources */ = {isa = PBXBuildFile; fileRef = 29C2BB9B23769F5700741F2B /* CustomStyle.swift */; };
		29C2BBA123769F5800741F2B /* CustomIncomingTextCell.xib in Resources */ = {isa = PBXBuildFile; fileRef = 29C2BB9C23769F5700741F2B /* CustomIncomingTextCell.xib */; };
		29C2BBA223769F5800741F2B /* CustomStyleViewController.swift in Sources */ = {isa = PBXBuildFile; fileRef = 29C2BB9D23769F5700741F2B /* CustomStyleViewController.swift */; };
		29C2BBA323769F5800741F2B /* CustomOutgoingTextCell.xib in Resources */ = {isa = PBXBuildFile; fileRef = 29C2BB9E23769F5700741F2B /* CustomOutgoingTextCell.xib */; };
		55515E2FA4B97D2E9F849B90 /* Pods_ChatTest.framework in Frameworks */ = {isa = PBXBuildFile; fileRef = 28CF26BE5665A10BED97DC0E /* Pods_ChatTest.framework */; };
/* End PBXBuildFile section */

/* Begin PBXFileReference section */
		28CF26BE5665A10BED97DC0E /* Pods_ChatTest.framework */ = {isa = PBXFileReference; explicitFileType = wrapper.framework; includeInIndex = 0; path = Pods_ChatTest.framework; sourceTree = BUILT_PRODUCTS_DIR; };
		299FAEEA23767C0700E503E2 /* ChatTest.app */ = {isa = PBXFileReference; explicitFileType = wrapper.application; includeInIndex = 0; path = ChatTest.app; sourceTree = BUILT_PRODUCTS_DIR; };
		299FAEED23767C0700E503E2 /* AppDelegate.swift */ = {isa = PBXFileReference; lastKnownFileType = sourcecode.swift; path = AppDelegate.swift; sourceTree = "<group>"; };
		299FAEEF23767C0700E503E2 /* ViewController.swift */ = {isa = PBXFileReference; lastKnownFileType = sourcecode.swift; path = ViewController.swift; sourceTree = "<group>"; };
		299FAEF223767C0700E503E2 /* Base */ = {isa = PBXFileReference; lastKnownFileType = file.storyboard; name = Base; path = Base.lproj/Main.storyboard; sourceTree = "<group>"; };
		299FAEF423767C0900E503E2 /* Assets.xcassets */ = {isa = PBXFileReference; lastKnownFileType = folder.assetcatalog; path = Assets.xcassets; sourceTree = "<group>"; };
		299FAEF723767C0900E503E2 /* Base */ = {isa = PBXFileReference; lastKnownFileType = file.storyboard; name = Base; path = Base.lproj/LaunchScreen.storyboard; sourceTree = "<group>"; };
		299FAEF923767C0900E503E2 /* Info.plist */ = {isa = PBXFileReference; lastKnownFileType = text.plist.xml; path = Info.plist; sourceTree = "<group>"; };
		29C2BB9123769C4E00741F2B /* Emoji.swift */ = {isa = PBXFileReference; fileEncoding = 4; lastKnownFileType = sourcecode.swift; path = Emoji.swift; sourceTree = "<group>"; };
		29C2BB9323769CB000741F2B /* User.swift */ = {isa = PBXFileReference; fileEncoding = 4; lastKnownFileType = sourcecode.swift; path = User.swift; sourceTree = "<group>"; };
		29C2BB9623769F3300741F2B /* CustomBubble.swift */ = {isa = PBXFileReference; fileEncoding = 4; lastKnownFileType = sourcecode.swift; path = CustomBubble.swift; sourceTree = "<group>"; };
		29C2BB9823769F4800741F2B /* CustomCollectionView.swift */ = {isa = PBXFileReference; fileEncoding = 4; lastKnownFileType = sourcecode.swift; path = CustomCollectionView.swift; sourceTree = "<group>"; };
		29C2BB9A23769F5700741F2B /* CustomOutgoingTextCell.swift */ = {isa = PBXFileReference; fileEncoding = 4; lastKnownFileType = sourcecode.swift; path = CustomOutgoingTextCell.swift; sourceTree = "<group>"; };
		29C2BB9B23769F5700741F2B /* CustomStyle.swift */ = {isa = PBXFileReference; fileEncoding = 4; lastKnownFileType = sourcecode.swift; path = CustomStyle.swift; sourceTree = "<group>"; };
		29C2BB9C23769F5700741F2B /* CustomIncomingTextCell.xib */ = {isa = PBXFileReference; fileEncoding = 4; lastKnownFileType = file.xib; path = CustomIncomingTextCell.xib; sourceTree = "<group>"; };
		29C2BB9D23769F5700741F2B /* CustomStyleViewController.swift */ = {isa = PBXFileReference; fileEncoding = 4; lastKnownFileType = sourcecode.swift; path = CustomStyleViewController.swift; sourceTree = "<group>"; };
		29C2BB9E23769F5700741F2B /* CustomOutgoingTextCell.xib */ = {isa = PBXFileReference; fileEncoding = 4; lastKnownFileType = file.xib; path = CustomOutgoingTextCell.xib; sourceTree = "<group>"; };
		42E71F03A72108C2F50277A9 /* Pods-ChatTest.release.xcconfig */ = {isa = PBXFileReference; includeInIndex = 1; lastKnownFileType = text.xcconfig; name = "Pods-ChatTest.release.xcconfig"; path = "Target Support Files/Pods-ChatTest/Pods-ChatTest.release.xcconfig"; sourceTree = "<group>"; };
		76716E33746AA472598FC794 /* Pods-ChatTest.debug.xcconfig */ = {isa = PBXFileReference; includeInIndex = 1; lastKnownFileType = text.xcconfig; name = "Pods-ChatTest.debug.xcconfig"; path = "Target Support Files/Pods-ChatTest/Pods-ChatTest.debug.xcconfig"; sourceTree = "<group>"; };
/* End PBXFileReference section */

/* Begin PBXFrameworksBuildPhase section */
		299FAEE723767C0600E503E2 /* Frameworks */ = {
			isa = PBXFrameworksBuildPhase;
			buildActionMask = 2147483647;
			files = (
				55515E2FA4B97D2E9F849B90 /* Pods_ChatTest.framework in Frameworks */,
			);
			runOnlyForDeploymentPostprocessing = 0;
		};
/* End PBXFrameworksBuildPhase section */

/* Begin PBXGroup section */
		299FAEE123767C0600E503E2 = {
			isa = PBXGroup;
			children = (
				299FAEEC23767C0700E503E2 /* ChatTest */,
				299FAEEB23767C0700E503E2 /* Products */,
				A38871B6B78484AD8D68F082 /* Pods */,
				39C3E53C0260C50C708DA35C /* Frameworks */,
			);
			sourceTree = "<group>";
		};
		299FAEEB23767C0700E503E2 /* Products */ = {
			isa = PBXGroup;
			children = (
				299FAEEA23767C0700E503E2 /* ChatTest.app */,
			);
			name = Products;
			sourceTree = "<group>";
		};
		299FAEEC23767C0700E503E2 /* ChatTest */ = {
			isa = PBXGroup;
			children = (
				29C2BB9523769F1400741F2B /* Custom Style */,
				29C2BB9023769C2E00741F2B /* Exetensions */,
				299FAEED23767C0700E503E2 /* AppDelegate.swift */,
				299FAEEF23767C0700E503E2 /* ViewController.swift */,
				299FAEF123767C0700E503E2 /* Main.storyboard */,
				299FAEF423767C0900E503E2 /* Assets.xcassets */,
				299FAEF623767C0900E503E2 /* LaunchScreen.storyboard */,
				299FAEF923767C0900E503E2 /* Info.plist */,
				29C2BB9323769CB000741F2B /* User.swift */,
			);
			path = ChatTest;
			sourceTree = "<group>";
		};
		29C2BB9023769C2E00741F2B /* Exetensions */ = {
			isa = PBXGroup;
			children = (
				29C2BB9123769C4E00741F2B /* Emoji.swift */,
			);
			path = Exetensions;
			sourceTree = "<group>";
		};
		29C2BB9523769F1400741F2B /* Custom Style */ = {
			isa = PBXGroup;
			children = (
				29C2BB9C23769F5700741F2B /* CustomIncomingTextCell.xib */,
				29C2BB9A23769F5700741F2B /* CustomOutgoingTextCell.swift */,
				29C2BB9E23769F5700741F2B /* CustomOutgoingTextCell.xib */,
				29C2BB9B23769F5700741F2B /* CustomStyle.swift */,
				29C2BB9D23769F5700741F2B /* CustomStyleViewController.swift */,
				29C2BB9823769F4800741F2B /* CustomCollectionView.swift */,
				29C2BB9623769F3300741F2B /* CustomBubble.swift */,
			);
			path = "Custom Style";
			sourceTree = "<group>";
		};
		39C3E53C0260C50C708DA35C /* Frameworks */ = {
			isa = PBXGroup;
			children = (
				28CF26BE5665A10BED97DC0E /* Pods_ChatTest.framework */,
			);
			name = Frameworks;
			sourceTree = "<group>";
		};
		A38871B6B78484AD8D68F082 /* Pods */ = {
			isa = PBXGroup;
			children = (
				76716E33746AA472598FC794 /* Pods-ChatTest.debug.xcconfig */,
				42E71F03A72108C2F50277A9 /* Pods-ChatTest.release.xcconfig */,
			);
			path = Pods;
			sourceTree = "<group>";
		};
/* End PBXGroup section */

/* Begin PBXNativeTarget section */
		299FAEE923767C0600E503E2 /* ChatTest */ = {
			isa = PBXNativeTarget;
			buildConfigurationList = 299FAEFC23767C0900E503E2 /* Build configuration list for PBXNativeTarget "ChatTest" */;
			buildPhases = (
				995A4825E9F3C5C80E55AB3D /* [CP] Check Pods Manifest.lock */,
				299FAEE623767C0600E503E2 /* Sources */,
				299FAEE723767C0600E503E2 /* Frameworks */,
				299FAEE823767C0600E503E2 /* Resources */,
				727F5934A3AF4F6F9DEDDE12 /* [CP] Embed Pods Frameworks */,
			);
			buildRules = (
			);
			dependencies = (
			);
			name = ChatTest;
			productName = ChatTest;
			productReference = 299FAEEA23767C0700E503E2 /* ChatTest.app */;
			productType = "com.apple.product-type.application";
		};
/* End PBXNativeTarget section */

/* Begin PBXProject section */
		299FAEE223767C0600E503E2 /* Project object */ = {
			isa = PBXProject;
			attributes = {
				LastSwiftUpdateCheck = 1010;
				LastUpgradeCheck = 1010;
				ORGANIZATIONNAME = Amir;
				TargetAttributes = {
					299FAEE923767C0600E503E2 = {
						CreatedOnToolsVersion = 10.1;
					};
				};
			};
			buildConfigurationList = 299FAEE523767C0600E503E2 /* Build configuration list for PBXProject "ChatTest" */;
			compatibilityVersion = "Xcode 9.3";
			developmentRegion = en;
			hasScannedForEncodings = 0;
			knownRegions = (
				en,
				Base,
			);
			mainGroup = 299FAEE123767C0600E503E2;
			productRefGroup = 299FAEEB23767C0700E503E2 /* Products */;
			projectDirPath = "";
			projectRoot = "";
			targets = (
				299FAEE923767C0600E503E2 /* ChatTest */,
			);
		};
/* End PBXProject section */

/* Begin PBXResourcesBuildPhase section */
		299FAEE823767C0600E503E2 /* Resources */ = {
			isa = PBXResourcesBuildPhase;
			buildActionMask = 2147483647;
			files = (
				299FAEF823767C0900E503E2 /* LaunchScreen.storyboard in Resources */,
				29C2BBA323769F5800741F2B /* CustomOutgoingTextCell.xib in Resources */,
				299FAEF523767C0900E503E2 /* Assets.xcassets in Resources */,
				299FAEF323767C0700E503E2 /* Main.storyboard in Resources */,
				29C2BBA123769F5800741F2B /* CustomIncomingTextCell.xib in Resources */,
			);
			runOnlyForDeploymentPostprocessing = 0;
		};
/* End PBXResourcesBuildPhase section */

/* Begin PBXShellScriptBuildPhase section */
		727F5934A3AF4F6F9DEDDE12 /* [CP] Embed Pods Frameworks */ = {
			isa = PBXShellScriptBuildPhase;
			buildActionMask = 2147483647;
			files = (
			);
			inputFileListPaths = (
			);
			inputPaths = (
				"${PODS_ROOT}/Target Support Files/Pods-ChatTest/Pods-ChatTest-frameworks.sh",
				"${BUILT_PRODUCTS_DIR}/MessengerKit/MessengerKit.framework",
			);
			name = "[CP] Embed Pods Frameworks";
			outputFileListPaths = (
			);
			outputPaths = (
				"${TARGET_BUILD_DIR}/${FRAMEWORKS_FOLDER_PATH}/MessengerKit.framework",
			);
			runOnlyForDeploymentPostprocessing = 0;
			shellPath = /bin/sh;
			shellScript = "\"${PODS_ROOT}/Target Support Files/Pods-ChatTest/Pods-ChatTest-frameworks.sh\"\n";
			showEnvVarsInLog = 0;
		};
		995A4825E9F3C5C80E55AB3D /* [CP] Check Pods Manifest.lock */ = {
			isa = PBXShellScriptBuildPhase;
			buildActionMask = 2147483647;
			files = (
			);
			inputFileListPaths = (
			);
			inputPaths = (
				"${PODS_PODFILE_DIR_PATH}/Podfile.lock",
				"${PODS_ROOT}/Manifest.lock",
			);
			name = "[CP] Check Pods Manifest.lock";
			outputFileListPaths = (
			);
			outputPaths = (
				"$(DERIVED_FILE_DIR)/Pods-ChatTest-checkManifestLockResult.txt",
			);
			runOnlyForDeploymentPostprocessing = 0;
			shellPath = /bin/sh;
			shellScript = "diff \"${PODS_PODFILE_DIR_PATH}/Podfile.lock\" \"${PODS_ROOT}/Manifest.lock\" > /dev/null\nif [ $? != 0 ] ; then\n    # print error to STDERR\n    echo \"error: The sandbox is not in sync with the Podfile.lock. Run 'pod install' or update your CocoaPods installation.\" >&2\n    exit 1\nfi\n# This output is used by Xcode 'outputs' to avoid re-running this script phase.\necho \"SUCCESS\" > \"${SCRIPT_OUTPUT_FILE_0}\"\n";
			showEnvVarsInLog = 0;
		};
/* End PBXShellScriptBuildPhase section */

/* Begin PBXSourcesBuildPhase section */
		299FAEE623767C0600E503E2 /* Sources */ = {
			isa = PBXSourcesBuildPhase;
			buildActionMask = 2147483647;
			files = (
				29C2BBA223769F5800741F2B /* CustomStyleViewController.swift in Sources */,
				29C2BBA023769F5800741F2B /* CustomStyle.swift in Sources */,
				29C2BB9223769C4E00741F2B /* Emoji.swift in Sources */,
				29C2BB9723769F3300741F2B /* CustomBubble.swift in Sources */,
				29C2BB9423769CB000741F2B /* User.swift in Sources */,
				29C2BB9F23769F5800741F2B /* CustomOutgoingTextCell.swift in Sources */,
				29C2BB9923769F4800741F2B /* CustomCollectionView.swift in Sources */,
				299FAEF023767C0700E503E2 /* ViewController.swift in Sources */,
				299FAEEE23767C0700E503E2 /* AppDelegate.swift in Sources */,
			);
			runOnlyForDeploymentPostprocessing = 0;
		};
/* End PBXSourcesBuildPhase section */

/* Begin PBXVariantGroup section */
		299FAEF123767C0700E503E2 /* Main.storyboard */ = {
			isa = PBXVariantGroup;
			children = (
				299FAEF223767C0700E503E2 /* Base */,
			);
			name = Main.storyboard;
			sourceTree = "<group>";
		};
		299FAEF623767C0900E503E2 /* LaunchScreen.storyboard */ = {
			isa = PBXVariantGroup;
			children = (
				299FAEF723767C0900E503E2 /* Base */,
			);
			name = LaunchScreen.storyboard;
			sourceTree = "<group>";
		};
/* End PBXVariantGroup section */

/* Begin XCBuildConfiguration section */
		299FAEFA23767C0900E503E2 /* Debug */ = {
			isa = XCBuildConfiguration;
			buildSettings = {
				ALWAYS_SEARCH_USER_PATHS = NO;
				CLANG_ANALYZER_NONNULL = YES;
				CLANG_ANALYZER_NUMBER_OBJECT_CONVERSION = YES_AGGRESSIVE;
				CLANG_CXX_LANGUAGE_STANDARD = "gnu++14";
				CLANG_CXX_LIBRARY = "libc++";
				CLANG_ENABLE_MODULES = YES;
				CLANG_ENABLE_OBJC_ARC = YES;
				CLANG_ENABLE_OBJC_WEAK = YES;
				CLANG_WARN_BLOCK_CAPTURE_AUTORELEASING = YES;
				CLANG_WARN_BOOL_CONVERSION = YES;
				CLANG_WARN_COMMA = YES;
				CLANG_WARN_CONSTANT_CONVERSION = YES;
				CLANG_WARN_DEPRECATED_OBJC_IMPLEMENTATIONS = YES;
				CLANG_WARN_DIRECT_OBJC_ISA_USAGE = YES_ERROR;
				CLANG_WARN_DOCUMENTATION_COMMENTS = YES;
				CLANG_WARN_EMPTY_BODY = YES;
				CLANG_WARN_ENUM_CONVERSION = YES;
				CLANG_WARN_INFINITE_RECURSION = YES;
				CLANG_WARN_INT_CONVERSION = YES;
				CLANG_WARN_NON_LITERAL_NULL_CONVERSION = YES;
				CLANG_WARN_OBJC_IMPLICIT_RETAIN_SELF = YES;
				CLANG_WARN_OBJC_LITERAL_CONVERSION = YES;
				CLANG_WARN_OBJC_ROOT_CLASS = YES_ERROR;
				CLANG_WARN_RANGE_LOOP_ANALYSIS = YES;
				CLANG_WARN_STRICT_PROTOTYPES = YES;
				CLANG_WARN_SUSPICIOUS_MOVE = YES;
				CLANG_WARN_UNGUARDED_AVAILABILITY = YES_AGGRESSIVE;
				CLANG_WARN_UNREACHABLE_CODE = YES;
				CLANG_WARN__DUPLICATE_METHOD_MATCH = YES;
				CODE_SIGN_IDENTITY = "iPhone Developer";
				COPY_PHASE_STRIP = NO;
				DEBUG_INFORMATION_FORMAT = dwarf;
				ENABLE_STRICT_OBJC_MSGSEND = YES;
				ENABLE_TESTABILITY = YES;
				GCC_C_LANGUAGE_STANDARD = gnu11;
				GCC_DYNAMIC_NO_PIC = NO;
				GCC_NO_COMMON_BLOCKS = YES;
				GCC_OPTIMIZATION_LEVEL = 0;
				GCC_PREPROCESSOR_DEFINITIONS = (
					"DEBUG=1",
					"$(inherited)",
				);
				GCC_WARN_64_TO_32_BIT_CONVERSION = YES;
				GCC_WARN_ABOUT_RETURN_TYPE = YES_ERROR;
				GCC_WARN_UNDECLARED_SELECTOR = YES;
				GCC_WARN_UNINITIALIZED_AUTOS = YES_AGGRESSIVE;
				GCC_WARN_UNUSED_FUNCTION = YES;
				GCC_WARN_UNUSED_VARIABLE = YES;
				IPHONEOS_DEPLOYMENT_TARGET = 12.1;
				MTL_ENABLE_DEBUG_INFO = INCLUDE_SOURCE;
				MTL_FAST_MATH = YES;
				ONLY_ACTIVE_ARCH = YES;
				SDKROOT = iphoneos;
				SWIFT_ACTIVE_COMPILATION_CONDITIONS = DEBUG;
				SWIFT_OPTIMIZATION_LEVEL = "-Onone";
			};
			name = Debug;
		};
		299FAEFB23767C0900E503E2 /* Release */ = {
			isa = XCBuildConfiguration;
			buildSettings = {
				ALWAYS_SEARCH_USER_PATHS = NO;
				CLANG_ANALYZER_NONNULL = YES;
				CLANG_ANALYZER_NUMBER_OBJECT_CONVERSION = YES_AGGRESSIVE;
				CLANG_CXX_LANGUAGE_STANDARD = "gnu++14";
				CLANG_CXX_LIBRARY = "libc++";
				CLANG_ENABLE_MODULES = YES;
				CLANG_ENABLE_OBJC_ARC = YES;
				CLANG_ENABLE_OBJC_WEAK = YES;
				CLANG_WARN_BLOCK_CAPTURE_AUTORELEASING = YES;
				CLANG_WARN_BOOL_CONVERSION = YES;
				CLANG_WARN_COMMA = YES;
				CLANG_WARN_CONSTANT_CONVERSION = YES;
				CLANG_WARN_DEPRECATED_OBJC_IMPLEMENTATIONS = YES;
				CLANG_WARN_DIRECT_OBJC_ISA_USAGE = YES_ERROR;
				CLANG_WARN_DOCUMENTATION_COMMENTS = YES;
				CLANG_WARN_EMPTY_BODY = YES;
				CLANG_WARN_ENUM_CONVERSION = YES;
				CLANG_WARN_INFINITE_RECURSION = YES;
				CLANG_WARN_INT_CONVERSION = YES;
				CLANG_WARN_NON_LITERAL_NULL_CONVERSION = YES;
				CLANG_WARN_OBJC_IMPLICIT_RETAIN_SELF = YES;
				CLANG_WARN_OBJC_LITERAL_CONVERSION = YES;
				CLANG_WARN_OBJC_ROOT_CLASS = YES_ERROR;
				CLANG_WARN_RANGE_LOOP_ANALYSIS = YES;
				CLANG_WARN_STRICT_PROTOTYPES = YES;
				CLANG_WARN_SUSPICIOUS_MOVE = YES;
				CLANG_WARN_UNGUARDED_AVAILABILITY = YES_AGGRESSIVE;
				CLANG_WARN_UNREACHABLE_CODE = YES;
				CLANG_WARN__DUPLICATE_METHOD_MATCH = YES;
				CODE_SIGN_IDENTITY = "iPhone Developer";
				COPY_PHASE_STRIP = NO;
				DEBUG_INFORMATION_FORMAT = "dwarf-with-dsym";
				ENABLE_NS_ASSERTIONS = NO;
				ENABLE_STRICT_OBJC_MSGSEND = YES;
				GCC_C_LANGUAGE_STANDARD = gnu11;
				GCC_NO_COMMON_BLOCKS = YES;
				GCC_WARN_64_TO_32_BIT_CONVERSION = YES;
				GCC_WARN_ABOUT_RETURN_TYPE = YES_ERROR;
				GCC_WARN_UNDECLARED_SELECTOR = YES;
				GCC_WARN_UNINITIALIZED_AUTOS = YES_AGGRESSIVE;
				GCC_WARN_UNUSED_FUNCTION = YES;
				GCC_WARN_UNUSED_VARIABLE = YES;
				IPHONEOS_DEPLOYMENT_TARGET = 12.1;
				MTL_ENABLE_DEBUG_INFO = NO;
				MTL_FAST_MATH = YES;
				SDKROOT = iphoneos;
				SWIFT_COMPILATION_MODE = wholemodule;
				SWIFT_OPTIMIZATION_LEVEL = "-O";
				VALIDATE_PRODUCT = YES;
			};
			name = Release;
		};
		299FAEFD23767C0900E503E2 /* Debug */ = {
			isa = XCBuildConfiguration;
			baseConfigurationReference = 76716E33746AA472598FC794 /* Pods-ChatTest.debug.xcconfig */;
			buildSettings = {
				ASSETCATALOG_COMPILER_APPICON_NAME = AppIcon;
				CODE_SIGN_STYLE = Automatic;
				DEVELOPMENT_TEAM = V3R3H9N6S6;
				INFOPLIST_FILE = ChatTest/Info.plist;
				LD_RUNPATH_SEARCH_PATHS = (
					"$(inherited)",
					"@executable_path/Frameworks",
				);
				PRODUCT_BUNDLE_IDENTIFIER = com.miroz007.ChatTest;
				PRODUCT_NAME = "$(TARGET_NAME)";
				SWIFT_VERSION = 4.2;
				TARGETED_DEVICE_FAMILY = 1;
			};
			name = Debug;
		};
		299FAEFE23767C0900E503E2 /* Release */ = {
			isa = XCBuildConfiguration;
			baseConfigurationReference = 42E71F03A72108C2F50277A9 /* Pods-ChatTest.release.xcconfig */;
			buildSettings = {
				ASSETCATALOG_COMPILER_APPICON_NAME = AppIcon;
				CODE_SIGN_STYLE = Automatic;
				DEVELOPMENT_TEAM = V3R3H9N6S6;
				INFOPLIST_FILE = ChatTest/Info.plist;
				LD_RUNPATH_SEARCH_PATHS = (
					"$(inherited)",
					"@executable_path/Frameworks",
				);
				PRODUCT_BUNDLE_IDENTIFIER = com.miroz007.ChatTest;
				PRODUCT_NAME = "$(TARGET_NAME)";
				SWIFT_VERSION = 4.2;
				TARGETED_DEVICE_FAMILY = 1;
			};
			name = Release;
		};
/* End XCBuildConfiguration section */

/* Begin XCConfigurationList section */
		299FAEE523767C0600E503E2 /* Build configuration list for PBXProject "ChatTest" */ = {
			isa = XCConfigurationList;
			buildConfigurations = (
				299FAEFA23767C0900E503E2 /* Debug */,
				299FAEFB23767C0900E503E2 /* Release */,
			);
			defaultConfigurationIsVisible = 0;
			defaultConfigurationName = Release;
		};
		299FAEFC23767C0900E503E2 /* Build configuration list for PBXNativeTarget "ChatTest" */ = {
			isa = XCConfigurationList;
			buildConfigurations = (
				299FAEFD23767C0900E503E2 /* Debug */,
				299FAEFE23767C0900E503E2 /* Release */,
			);
			defaultConfigurationIsVisible = 0;
			defaultConfigurationName = Release;
		};
/* End XCConfigurationList section */
	};
	rootObject = 299FAEE223767C0600E503E2 /* Project object */;
}
